{
  "name": "rust_vue",
  "version": "0.1.0",
  "lockfileVersion": 1,
  "requires": true,
  "dependencies": {
    "core-js": {
      "version": "3.6.4",
      "resolved": "https://registry.npmjs.org/core-js/-/core-js-3.6.4.tgz",
      "integrity": "sha512-4paDGScNgZP2IXXilaffL9X7968RuvwlkK3xWtZRVqgd8SYNiVKRJvkFd1aqqEuPfN7E68ZHEp9hDj6lHj4Hyw=="
    },
    "custom-event-polyfill": {
      "version": "1.0.7",
      "resolved": "https://registry.npmjs.org/custom-event-polyfill/-/custom-event-polyfill-1.0.7.tgz",
      "integrity": "sha512-TDDkd5DkaZxZFM8p+1I3yAlvM3rSr1wbrOliG4yJiwinMZN8z/iGL7BTlDkrJcYTmgUSb4ywVCc3ZaUtOtC76w=="
    },
    "jquery": {
      "version": "3.5.0",
      "resolved": "https://registry.npmjs.org/jquery/-/jquery-3.5.0.tgz",
      "integrity": "sha512-Xb7SVYMvygPxbFMpTFQiHh1J7HClEaThguL15N/Gg37Lri/qKyhRGZYzHRyLH8Stq3Aow0LsHO2O2ci86fCrNQ=="
    },
    "loadjs": {
      "version": "4.2.0",
      "resolved": "https://registry.npmjs.org/loadjs/-/loadjs-4.2.0.tgz",
      "integrity": "sha512-AgQGZisAlTPbTEzrHPb6q+NYBMD+DP9uvGSIjSUM5uG+0jG15cb8axWpxuOIqrmQjn6scaaH8JwloiP27b2KXA=="
    },
    "plyr": {
      "version": "3.5.10",
      "resolved": "https://registry.npmjs.org/plyr/-/plyr-3.5.10.tgz",
      "integrity": "sha512-wbbSuzk3yKVOmYWQUnxG1bxikqZNkxZmL3OjS1DFVU0D2Uko1evGY72LuD9rm/HnNCNzcTuc0c6MCn7bRRpUTA==",
      "requires": {
        "core-js": "3.6.4",
        "custom-event-polyfill": "1.0.7",
        "loadjs": "4.2.0",
        "rangetouch": "2.0.1",
        "url-polyfill": "1.1.8"
      }
    },
    "rangetouch": {
      "version": "2.0.1",
      "resolved": "https://registry.npmjs.org/rangetouch/-/rangetouch-2.0.1.tgz",
      "integrity": "sha512-sln+pNSc8NGaHoLzwNBssFSf/rSYkqeBXzX1AtJlkJiUaVSJSbRAWJk+4omsXkN+EJalzkZhWQ3th1m0FpR5xA=="
    },
    "url-polyfill": {
      "version": "1.1.8",
      "resolved": "https://registry.npmjs.org/url-polyfill/-/url-polyfill-1.1.8.tgz",
      "integrity": "sha512-Ey61F4FEqhcu1vHSOMmjl0Vd/RPRLEjMj402qszD/dhMBrVfoUsnIj8KSZo2yj+eIlxJGKFdnm6ES+7UzMgZ3Q=="
    },
    "vue": {
      "version": "2.6.11",
      "resolved": "https://registry.npmjs.org/vue/-/vue-2.6.11.tgz",
      "integrity": "sha512-VfPwgcGABbGAue9+sfrD4PuwFar7gPb1yl1UK1MwXoQPAw0BKSqWfoYCT/ThFrdEVWoI51dBuyCoiNU9bZDZxQ=="
    },
    "vue-plyr": {
      "version": "6.0.4",
      "resolved": "https://registry.npmjs.org/vue-plyr/-/vue-plyr-6.0.4.tgz",
      "integrity": "sha512-Om5jalZNYntrTCvPtyDx/YIUSo4YcxHBK2DQKr1u47Q5XsqGbCWB7ALBWbZWP0WptENt6oUKxokJ0RbRvDGy2Q==",
      "requires": {
        "plyr": "3.5.10",
        "vue": "2.6.11"
      }
    }
  }
}
